
Microsoft Visual Studio Solution File, Format Version 12.00
# Visual Studio Version 17
VisualStudioVersion = 17.0.32014.148
MinimumVisualStudioVersion = 10.0.40219.1
Project("{FAE04EC0-301F-11D3-BF4B-00C04F79EFBC}") = "aup2exedit_backup", "aup2exedit_backup\aup2exedit_backup.csproj", "{DDD99506-14CD-4159-9EC9-35DCE4C3F4C9}"
EndProject
Project("{9A19103F-16F7-4668-BE54-9A1E7A4F7556}") = "AupDotNet", "AupDotNet\src\AupDotNet\AupDotNet.csproj", "{EAF59BC3-E4F5-478B-B873-FDAF0881F12A}"
EndProject
Global
	GlobalSection(SolutionConfigurationPlatforms) = preSolution
		Debug|Any CPU = Debug|Any CPU
		Release|Any CPU = Release|Any CPU
	EndGlobalSection
	GlobalSection(ProjectConfigurationPlatforms) = postSolution
		{DDD99506-14CD-4159-9EC9-35DCE4C3F4C9}.Debug|Any CPU.ActiveCfg = Debug|Any CPU
		{DDD99506-14CD-4159-9EC9-35DCE4C3F4C9}.Debug|Any CPU.Build.0 = Debug|Any CPU
		{DDD99506-14CD-4159-9EC9-35DCE4C3F4C9}.Release|Any CPU.ActiveCfg = Release|Any CPU
		{DDD99506-14CD-4159-9EC9-35DCE4C3F4C9}.Release|Any CPU.Build.0 = Release|Any CPU
		{EAF59BC3-E4F5-478B-B873-FDAF0881F12A}.Debug|Any CPU.ActiveCfg = Debug|Any CPU
		{EAF59BC3-E4F5-478B-B873-FDAF0881F12A}.Debug|Any CPU.Build.0 = Debug|Any CPU
		{EAF59BC3-E4F5-478B-B873-FDAF0881F12A}.Release|Any CPU.ActiveCfg = Release|Any CPU
		{EAF59BC3-E4F5-478B-B873-FDAF0881F12A}.Release|Any CPU.Build.0 = Release|Any CPU
	EndGlobalSection
	GlobalSection(SolutionProperties) = preSolution
		HideSolutionNode = FALSE
	EndGlobalSection
	GlobalSection(ExtensibilityGlobals) = postSolution
		SolutionGuid = {095E852E-2E04-4228-9ED3-078338506BF4}
	EndGlobalSection
EndGlobal
